
Microsoft Visual Studio Solution File, Format Version 12.00
# Visual Studio Version 16
VisualStudioVersion = 16.0.29806.167
MinimumVisualStudioVersion = 10.0.40219.1
Project("{9A19103F-16F7-4668-BE54-9A1E7A4F7556}") = "TopoGiraffe", "TopoGiraffe\TopoGiraffe.csproj", "{650B136D-2E3F-4984-B4E5-068720E3CE5D}"
EndProject
Project("{54435603-DBB4-11D2-8724-00A0C9A8B90C}") = "TopoGiraffeSetup", "TopoGiraffeSetup\TopoGiraffeSetup.vdproj", "{6C51E3A7-9662-449F-A040-DD48257E749C}"
EndProject
Global
	GlobalSection(SolutionConfigurationPlatforms) = preSolution
		All|Any CPU = All|Any CPU
		All|x86 = All|x86
		Debug|Any CPU = Debug|Any CPU
		Debug|x86 = Debug|x86
		DefaultBuild|Any CPU = DefaultBuild|Any CPU
		DefaultBuild|x86 = DefaultBuild|x86
		Release|Any CPU = Release|Any CPU
		Release|x86 = Release|x86
	EndGlobalSection
	GlobalSection(ProjectConfigurationPlatforms) = postSolution
		{650B136D-2E3F-4984-B4E5-068720E3CE5D}.All|Any CPU.ActiveCfg = Release|Any CPU
		{650B136D-2E3F-4984-B4E5-068720E3CE5D}.All|Any CPU.Build.0 = Release|Any CPU
		{650B136D-2E3F-4984-B4E5-068720E3CE5D}.All|x86.ActiveCfg = Release|Any CPU
		{650B136D-2E3F-4984-B4E5-068720E3CE5D}.All|x86.Build.0 = Release|Any CPU
		{650B136D-2E3F-4984-B4E5-068720E3CE5D}.Debug|Any CPU.ActiveCfg = Debug|Any CPU
		{650B136D-2E3F-4984-B4E5-068720E3CE5D}.Debug|Any CPU.Build.0 = Debug|Any CPU
		{650B136D-2E3F-4984-B4E5-068720E3CE5D}.Debug|x86.ActiveCfg = Debug|Any CPU
		{650B136D-2E3F-4984-B4E5-068720E3CE5D}.Debug|x86.Build.0 = Debug|Any CPU
		{650B136D-2E3F-4984-B4E5-068720E3CE5D}.DefaultBuild|Any CPU.ActiveCfg = Debug|Any CPU
		{650B136D-2E3F-4984-B4E5-068720E3CE5D}.DefaultBuild|Any CPU.Build.0 = Debug|Any CPU
		{650B136D-2E3F-4984-B4E5-068720E3CE5D}.DefaultBuild|x86.ActiveCfg = Debug|Any CPU
		{650B136D-2E3F-4984-B4E5-068720E3CE5D}.DefaultBuild|x86.Build.0 = Debug|Any CPU
		{650B136D-2E3F-4984-B4E5-068720E3CE5D}.Release|Any CPU.ActiveCfg = Release|Any CPU
		{650B136D-2E3F-4984-B4E5-068720E3CE5D}.Release|Any CPU.Build.0 = Release|Any CPU
		{650B136D-2E3F-4984-B4E5-068720E3CE5D}.Release|x86.ActiveCfg = Release|Any CPU
		{650B136D-2E3F-4984-B4E5-068720E3CE5D}.Release|x86.Build.0 = Release|Any CPU
		{6C51E3A7-9662-449F-A040-DD48257E749C}.All|Any CPU.ActiveCfg = Release
		{6C51E3A7-9662-449F-A040-DD48257E749C}.All|x86.ActiveCfg = Release
		{6C51E3A7-9662-449F-A040-DD48257E749C}.Debug|Any CPU.ActiveCfg = Debug
		{6C51E3A7-9662-449F-A040-DD48257E749C}.Debug|x86.ActiveCfg = Debug
		{6C51E3A7-9662-449F-A040-DD48257E749C}.DefaultBuild|Any CPU.ActiveCfg = Debug
		{6C51E3A7-9662-449F-A040-DD48257E749C}.DefaultBuild|x86.ActiveCfg = Debug
		{6C51E3A7-9662-449F-A040-DD48257E749C}.Release|Any CPU.ActiveCfg = Release
		{6C51E3A7-9662-449F-A040-DD48257E749C}.Release|x86.ActiveCfg = Release
	EndGlobalSection
	GlobalSection(SolutionProperties) = preSolution
		HideSolutionNode = FALSE
	EndGlobalSection
	GlobalSection(ExtensibilityGlobals) = postSolution
		SolutionGuid = {8002C737-DC35-473E-92BA-B81C270E7A97}
	EndGlobalSection
EndGlobal
