
Microsoft Visual Studio Solution File, Format Version 12.00
# Visual Studio Version 16
VisualStudioVersion = 16.0.29806.167
MinimumVisualStudioVersion = 10.0.40219.1
Project("{FAE04EC0-301F-11D3-BF4B-00C04F79EFBC}") = "WPFDemo", "WPFDemo.csproj", "{1EF5AA8B-E6D6-430B-90F0-DB15E9B32715}"
EndProject
Global
	GlobalSection(SolutionConfigurationPlatforms) = preSolution
		Debug|Any CPU = Debug|Any CPU
		Release|Any CPU = Release|Any CPU
	EndGlobalSection
	GlobalSection(ProjectConfigurationPlatforms) = postSolution
		{1EF5AA8B-E6D6-430B-90F0-DB15E9B32715}.Debug|Any CPU.ActiveCfg = Debug|Any CPU
		{1EF5AA8B-E6D6-430B-90F0-DB15E9B32715}.Debug|Any CPU.Build.0 = Debug|Any CPU
		{1EF5AA8B-E6D6-430B-90F0-DB15E9B32715}.Release|Any CPU.ActiveCfg = Release|Any CPU
		{1EF5AA8B-E6D6-430B-90F0-DB15E9B32715}.Release|Any CPU.Build.0 = Release|Any CPU
	EndGlobalSection
	GlobalSection(SolutionProperties) = preSolution
		HideSolutionNode = FALSE
	EndGlobalSection
	GlobalSection(ExtensibilityGlobals) = postSolution
		SolutionGuid = {16965F26-AAA2-46CF-9DCE-DE4F4F3EFF28}
	EndGlobalSection
EndGlobal
